
Microsoft Visual Studio Solution File, Format Version 12.00
# Visual Studio Version 16
VisualStudioVersion = 16.0.30611.23
MinimumVisualStudioVersion = 10.0.40219.1
Project("{9A19103F-16F7-4668-BE54-9A1E7A4F7556}") = "CodeTest.Accounting.BFF", "CodeTest.Accounting\CodeTest.Accounting.BFF.csproj", "{225FE7C6-BDE9-419B-91EC-8FA0DA82B63E}"
EndProject
Project("{FAE04EC0-301F-11D3-BF4B-00C04F79EFBC}") = "CodeTest.Accounting.Customers", "CodeTest.Accounting.Customers\CodeTest.Accounting.Customers.csproj", "{96CD9C66-DF26-4B72-99B0-FB6D6150C6F5}"
EndProject
Project("{FAE04EC0-301F-11D3-BF4B-00C04F79EFBC}") = "CodeTest.Accounting.Accounts", "CodeTest.Accounting.Accounts\CodeTest.Accounting.Accounts.csproj", "{20F6C49E-AFB2-4D2A-A6CB-626702EA06FA}"
EndProject
Project("{FAE04EC0-301F-11D3-BF4B-00C04F79EFBC}") = "CodeTest.Accounting.Transactions", "CodeTest.Accounting.Transactions\CodeTest.Accounting.Transactions.csproj", "{8C6ED80C-2002-4CAC-9CB0-C70FB75F1F78}"
EndProject
Project("{2150E333-8FDC-42A3-9474-1A3956D46DE8}") = "Services", "Services", "{1769A828-5793-4E82-9705-3DCAC4AAF27A}"
EndProject
Project("{2150E333-8FDC-42A3-9474-1A3956D46DE8}") = "Contracts", "Contracts", "{E5D14F66-8DE7-4CF8-B76B-8CA53D14E92A}"
EndProject
Global
	GlobalSection(SolutionConfigurationPlatforms) = preSolution
		Debug|Any CPU = Debug|Any CPU
		Release|Any CPU = Release|Any CPU
	EndGlobalSection
	GlobalSection(ProjectConfigurationPlatforms) = postSolution
		{225FE7C6-BDE9-419B-91EC-8FA0DA82B63E}.Debug|Any CPU.ActiveCfg = Debug|Any CPU
		{225FE7C6-BDE9-419B-91EC-8FA0DA82B63E}.Debug|Any CPU.Build.0 = Debug|Any CPU
		{225FE7C6-BDE9-419B-91EC-8FA0DA82B63E}.Release|Any CPU.ActiveCfg = Release|Any CPU
		{225FE7C6-BDE9-419B-91EC-8FA0DA82B63E}.Release|Any CPU.Build.0 = Release|Any CPU
		{96CD9C66-DF26-4B72-99B0-FB6D6150C6F5}.Debug|Any CPU.ActiveCfg = Debug|Any CPU
		{96CD9C66-DF26-4B72-99B0-FB6D6150C6F5}.Debug|Any CPU.Build.0 = Debug|Any CPU
		{96CD9C66-DF26-4B72-99B0-FB6D6150C6F5}.Release|Any CPU.ActiveCfg = Release|Any CPU
		{96CD9C66-DF26-4B72-99B0-FB6D6150C6F5}.Release|Any CPU.Build.0 = Release|Any CPU
		{20F6C49E-AFB2-4D2A-A6CB-626702EA06FA}.Debug|Any CPU.ActiveCfg = Debug|Any CPU
		{20F6C49E-AFB2-4D2A-A6CB-626702EA06FA}.Debug|Any CPU.Build.0 = Debug|Any CPU
		{20F6C49E-AFB2-4D2A-A6CB-626702EA06FA}.Release|Any CPU.ActiveCfg = Release|Any CPU
		{20F6C49E-AFB2-4D2A-A6CB-626702EA06FA}.Release|Any CPU.Build.0 = Release|Any CPU
		{8C6ED80C-2002-4CAC-9CB0-C70FB75F1F78}.Debug|Any CPU.ActiveCfg = Debug|Any CPU
		{8C6ED80C-2002-4CAC-9CB0-C70FB75F1F78}.Debug|Any CPU.Build.0 = Debug|Any CPU
		{8C6ED80C-2002-4CAC-9CB0-C70FB75F1F78}.Release|Any CPU.ActiveCfg = Release|Any CPU
		{8C6ED80C-2002-4CAC-9CB0-C70FB75F1F78}.Release|Any CPU.Build.0 = Release|Any CPU
	EndGlobalSection
	GlobalSection(SolutionProperties) = preSolution
		HideSolutionNode = FALSE
	EndGlobalSection
	GlobalSection(NestedProjects) = preSolution
		{96CD9C66-DF26-4B72-99B0-FB6D6150C6F5} = {1769A828-5793-4E82-9705-3DCAC4AAF27A}
		{20F6C49E-AFB2-4D2A-A6CB-626702EA06FA} = {1769A828-5793-4E82-9705-3DCAC4AAF27A}
		{8C6ED80C-2002-4CAC-9CB0-C70FB75F1F78} = {1769A828-5793-4E82-9705-3DCAC4AAF27A}
	EndGlobalSection
	GlobalSection(ExtensibilityGlobals) = postSolution
		SolutionGuid = {41F740F0-80A4-4AF6-95D3-0736D2E2226D}
	EndGlobalSection
EndGlobal
